
Microsoft Visual Studio Solution File, Format Version 12.00
# Visual Studio 15
VisualStudioVersion = 15.0.28307.572
MinimumVisualStudioVersion = 10.0.40219.1
Project("{FAE04EC0-301F-11D3-BF4B-00C04F79EFBC}") = "film", "film\film.csproj", "{BFABD687-6E97-4E57-A78A-71A58DD3D95A}"
EndProject
Global
	GlobalSection(SolutionConfigurationPlatforms) = preSolution
		Debug|Any CPU = Debug|Any CPU
		Release|Any CPU = Release|Any CPU
	EndGlobalSection
	GlobalSection(ProjectConfigurationPlatforms) = postSolution
		{BFABD687-6E97-4E57-A78A-71A58DD3D95A}.Debug|Any CPU.ActiveCfg = Debug|Any CPU
		{BFABD687-6E97-4E57-A78A-71A58DD3D95A}.Debug|Any CPU.Build.0 = Debug|Any CPU
		{BFABD687-6E97-4E57-A78A-71A58DD3D95A}.Release|Any CPU.ActiveCfg = Release|Any CPU
		{BFABD687-6E97-4E57-A78A-71A58DD3D95A}.Release|Any CPU.Build.0 = Release|Any CPU
	EndGlobalSection
	GlobalSection(SolutionProperties) = preSolution
		HideSolutionNode = FALSE
	EndGlobalSection
	GlobalSection(ExtensibilityGlobals) = postSolution
		SolutionGuid = {8FF765EF-7843-42C6-9F09-9F7C2DB36C85}
	EndGlobalSection
EndGlobal
